
Microsoft Visual Studio Solution File, Format Version 12.00
# Visual Studio Version 17
VisualStudioVersion = 17.14.36310.24
MinimumVisualStudioVersion = 10.0.40219.1
Project("{FAE04EC0-301F-11D3-BF4B-00C04F79EFBC}") = "ASM", "ASM\ASM.csproj", "{BB075DB9-B10F-4613-BBAD-40B05764AB4C}"
EndProject
Global
	GlobalSection(SolutionConfigurationPlatforms) = preSolution
		Debug|Any CPU = Debug|Any CPU
		Release|Any CPU = Release|Any CPU
	EndGlobalSection
	GlobalSection(ProjectConfigurationPlatforms) = postSolution
		{BB075DB9-B10F-4613-BBAD-40B05764AB4C}.Debug|Any CPU.ActiveCfg = Debug|Any CPU
		{BB075DB9-B10F-4613-BBAD-40B05764AB4C}.Debug|Any CPU.Build.0 = Debug|Any CPU
		{BB075DB9-B10F-4613-BBAD-40B05764AB4C}.Release|Any CPU.ActiveCfg = Release|Any CPU
		{BB075DB9-B10F-4613-BBAD-40B05764AB4C}.Release|Any CPU.Build.0 = Release|Any CPU
	EndGlobalSection
	GlobalSection(SolutionProperties) = preSolution
		HideSolutionNode = FALSE
	EndGlobalSection
	GlobalSection(ExtensibilityGlobals) = postSolution
		SolutionGuid = {A7F70E8D-60CE-41FF-8407-EC7E5F6A2065}
	EndGlobalSection
EndGlobal
